PODS:
  - CwlCatchException (2.1.2):
    - CwlCatchExceptionSupport (~> 2.1.2)
  - CwlCatchExceptionSupport (2.1.2)
  - CwlMachBadInstructionHandler (2.1.2)
  - CwlPosixPreconditionTesting (2.1.2)
  - CwlPreconditionTesting (2.1.2):
    - CwlCatchException (~> 2.1.2)
    - CwlMachBadInstructionHandler (~> 2.1.2)
    - CwlPosixPreconditionTesting (~> 2.1.2)
  - Nimble (13.1.2):
    - CwlPreconditionTesting (~> 2.1.0)
  - RxBlocking (6.6.0):
    - RxSwift (= 6.6.0)
  - RxCocoa (6.6.0):
    - RxRelay (= 6.6.0)
    - RxSwift (= 6.6.0)
  - RxRelay (6.6.0):
    - RxSwift (= 6.6.0)
  - RxSwift (6.6.0)
  - RxTest (6.6.0):
    - RxSwift (= 6.6.0)
  - SnapKit (5.7.1)
  - Stubber (1.5.3)

DEPENDENCIES:
  - Nimble
  - RxBlocking
  - RxCocoa
  - RxSwift
  - RxTest
  - SnapKit
  - Stubber

SPEC REPOS:
  trunk:
    - CwlCatchException
    - CwlCatchExceptionSupport
    - CwlMachBadInstructionHandler
    - CwlPosixPreconditionTesting
    - CwlPreconditionTesting
    - Nimble
    - RxBlocking
    - RxCocoa
    - RxRelay
    - RxSwift
    - RxTest
    - SnapKit
    - Stubber

SPEC CHECKSUMS:
  CwlCatchException: 76542d5ea479c79ce16ddd6e7bc9d42c7ec63300
  CwlCatchExceptionSupport: 42bf8c5e4e5e663f51100ddfa68caf7cfcf64ab6
  CwlMachBadInstructionHandler: b982c7e3e44fcfa1c680e8046f6bba35f3476d65
  CwlPosixPreconditionTesting: 4011f0660c0be460b088d10bcfdf351c7e036ac4
  CwlPreconditionTesting: 23ed728f2acc2d774fb59101123c943ce0119107
  Nimble: d733c860d832b324e9779034f12398993c536e7b
  RxBlocking: fbd1f8501443024f686e556f36dac79b0d5f4d7c
  RxCocoa: 44a80de90e25b739b5aeaae3c8c371a32e3343cc
  RxRelay: 45eaa5db8ee4fb50e5ebd57deec0159e97fa51e6
  RxSwift: a4b44f7d24599f674deebd1818eab82e58410632
  RxTest: a23f26bb53a5e146a0a69db4f0fa0b69001ce7f4
  SnapKit: d612e99e678a2d3b95bf60b0705ed0a35c03484a
  Stubber: 3ea4080870feeaf5b1637314a92245eef9b8c8e7

PODFILE CHECKSUM: c6393367f56c3aa5bb80015952cc015261e90a55

COCOAPODS: 1.15.2
